{
  "name": "X-Open-Netowrk",
  "lockfileVersion": 3,
  "requires": true,
  "packages": {
    "": {
      "dependencies": {
        "@fontsource/inter": "^5.2.5",
        "@fontsource/poppins": "^5.2.5",
        "@next-auth/prisma-adapter": "^1.0.7",
        "@prisma/client": "^6.4.1",
        "@stripe/stripe-js": "^7.2.0",
        "@tailwindcss/forms": "^0.5.10",
        "@tailwindcss/typography": "^0.5.16",
        "bcrypt": "^5.1.1",
        "dotenv": "^16.4.7",
        "firebase": "^11.5.0",
        "firebase-admin": "^13.2.0",
        "framer-motion": "^12.5.0",
        "jose": "^6.0.10",
        "jsonwebtoken": "^9.0.2",
        "lucide-react": "^0.479.0",
        "next": "^15.2.1",
        "next-auth": "^4.24.11",
        "pg": "^8.13.3",
        "react": "^19.0.0",
        "react-dom": "^19.0.0",
        "stripe": "^17.7.0"
      },
      "devDependencies": {
        "@types/react": "19.1.2",
        "autoprefixer": "^10.4.21",
        "postcss": "^8.5.3",
        "postcss-import": "^16.1.0",
        "postcss-nested": "^7.0.2",
        "prisma": "^6.4.1",
        "tailwindcss": "^3.4.17",
        "typescript": "5.8.3"
      }
    },
    "node_modules/@firebase/functions-types": {
      "version": "0.6.3",
      "resolved": "https://registry.npmjs.org/@firebase/functions-types/-/functions-types-0.6.3.tgz",
      "integrity": "sha512-EZoDKQLUHFKNx6VLipQwrSMh01A1SaL3Wg6Hpi//x6/fJ6Ee4hrAeswK99I5Ht8roiniKHw4iO0B1Oxj5I4plg==",
      "license": "Apache-2.0"
    },
    "node_modules/@firebase/installations": {
      "version": "0.6.13",
      "resolved": "https://registry.npmjs.org/@firebase/installations/-/installations-0.6.13.tgz",
      "integrity": "sha512-6ZpkUiaygPFwgVneYxuuOuHnSPnTA4KefLEaw/sKk/rNYgC7X6twaGfYb0sYLpbi9xV4i5jXsqZ3WO+yaguNgg==",
      "license": "Apache-2.0",
      "dependencies": {
        "@firebase/component": "0.6.13",
        "@firebase/util": "1.11.0",
        "idb": "7.1.1",
        "tslib": "^2.1.0"
      }
    }
  }
}